
Microsoft Visual Studio Solution File, Format Version 12.00
# Visual Studio Version 17
VisualStudioVersion = 17.3.32929.385
MinimumVisualStudioVersion = 10.0.40219.1
Project("{FAE04EC0-301F-11D3-BF4B-00C04F79EFBC}") = "Labb 4 - Collection Generics", "Labb 4 - Collection Generics.csproj", "{379566EE-D97E-442D-AE59-F9DE8975FCD9}"
EndProject
Global
	GlobalSection(SolutionConfigurationPlatforms) = preSolution
		Debug|Any CPU = Debug|Any CPU
		Release|Any CPU = Release|Any CPU
	EndGlobalSection
	GlobalSection(ProjectConfigurationPlatforms) = postSolution
		{379566EE-D97E-442D-AE59-F9DE8975FCD9}.Debug|Any CPU.ActiveCfg = Debug|Any CPU
		{379566EE-D97E-442D-AE59-F9DE8975FCD9}.Debug|Any CPU.Build.0 = Debug|Any CPU
		{379566EE-D97E-442D-AE59-F9DE8975FCD9}.Release|Any CPU.ActiveCfg = Release|Any CPU
		{379566EE-D97E-442D-AE59-F9DE8975FCD9}.Release|Any CPU.Build.0 = Release|Any CPU
	EndGlobalSection
	GlobalSection(SolutionProperties) = preSolution
		HideSolutionNode = FALSE
	EndGlobalSection
	GlobalSection(ExtensibilityGlobals) = postSolution
		SolutionGuid = {37368AF6-511E-4F9B-8D6F-54ECE46FA8B7}
	EndGlobalSection
EndGlobal
